
Microsoft Visual Studio Solution File, Format Version 12.00
# Visual Studio Version 16
VisualStudioVersion = 16.0.30804.86
MinimumVisualStudioVersion = 10.0.40219.1
Project("{9A19103F-16F7-4668-BE54-9A1E7A4F7556}") = "PlannerApp.Client", "PlannerAppClient\PlannerApp.Client.csproj", "{6047DD00-31E8-4DF5-8EEC-E942BFF59758}"
EndProject
Project("{9A19103F-16F7-4668-BE54-9A1E7A4F7556}") = "PlannerApp.Shared", "PlannerAppShared\PlannerApp.Shared.csproj", "{51B13BF0-5C6A-4474-886D-31D28D5066EB}"
EndProject
Global
	GlobalSection(SolutionConfigurationPlatforms) = preSolution
		Debug|Any CPU = Debug|Any CPU
		Release|Any CPU = Release|Any CPU
	EndGlobalSection
	GlobalSection(ProjectConfigurationPlatforms) = postSolution
		{6047DD00-31E8-4DF5-8EEC-E942BFF59758}.Debug|Any CPU.ActiveCfg = Debug|Any CPU
		{6047DD00-31E8-4DF5-8EEC-E942BFF59758}.Debug|Any CPU.Build.0 = Debug|Any CPU
		{6047DD00-31E8-4DF5-8EEC-E942BFF59758}.Release|Any CPU.ActiveCfg = Release|Any CPU
		{6047DD00-31E8-4DF5-8EEC-E942BFF59758}.Release|Any CPU.Build.0 = Release|Any CPU
		{51B13BF0-5C6A-4474-886D-31D28D5066EB}.Debug|Any CPU.ActiveCfg = Debug|Any CPU
		{51B13BF0-5C6A-4474-886D-31D28D5066EB}.Debug|Any CPU.Build.0 = Debug|Any CPU
		{51B13BF0-5C6A-4474-886D-31D28D5066EB}.Release|Any CPU.ActiveCfg = Release|Any CPU
		{51B13BF0-5C6A-4474-886D-31D28D5066EB}.Release|Any CPU.Build.0 = Release|Any CPU
	EndGlobalSection
	GlobalSection(SolutionProperties) = preSolution
		HideSolutionNode = FALSE
	EndGlobalSection
	GlobalSection(ExtensibilityGlobals) = postSolution
		SolutionGuid = {66F78559-5C3D-4754-9CAC-FCE79B90E1F6}
	EndGlobalSection
EndGlobal
